{
  "name": "web",
  "version": "0.1.0",
  "lockfileVersion": 3,
  "requires": true,
  "packages": {
    "": {
      "name": "web",
      "version": "0.1.0",
      "dependencies": {
        "@dnd-kit/core": "^6.3.1",
        "@dnd-kit/sortable": "^10.0.0",
        "@dnd-kit/utilities": "^3.2.2",
        "@react-oauth/google": "^0.13.5",
        "@sentry/nextjs": "^10.49.0",
        "@sentry/node": "^10.49.0",
        "@tiptap/extension-placeholder": "^3.22.4",
        "@tiptap/react": "^3.22.4",
        "@tiptap/starter-kit": "^3.22.4",
        "@vercel/analytics": "^2.0.1",
        "@vercel/speed-insights": "^2.0.0",
        "framer-motion": "^12.38.0",
        "lucide-react": "^1.8.0",
        "next": "16.2.4",
        "next-themes": "^0.4.6",
        "react": "19.2.4",
        "react-dom": "19.2.4",
        "recharts": "^3.8.1",
        "sonner": "^2.0.7",
        "zustand": "^5.0.12"
      },
      "devDependencies": {
        "@playwright/test": "^1.59.1",
        "@tailwindcss/postcss": "^4",
        "@types/node": "^20",
        "@types/react": "^19",
        "@types/react-dom": "^19",
        "eslint": "^9",
        "eslint-config-next": "16.2.4",
        "tailwindcss": "^4",
        "typescript": "^5"
      }
    },
    "../../node_modules/.pnpm/@dnd-kit+core@6.3.1_react-d_4a55b02f5a1bedd05fd2068bf15b2614/node_modules/@dnd-kit/core": {
      "version": "6.3.1",
      "license": "MIT",
      "dependencies": {
        "@dnd-kit/accessibility": "^3.1.1",
        "@dnd-kit/utilities": "^3.2.2",
        "tslib": "^2.0.0"
      },
      "peerDependencies": {
        "react": ">=16.8.0",
        "react-dom": ">=16.8.0"
      }
    },
    "../../node_modules/.pnpm/@dnd-kit+sortable@10.0.0_@d_8f0b6171ba6a6ac464efc8be57705c69/node_modules/@dnd-kit/sortable": {
      "version": "10.0.0",
      "license": "MIT",
      "dependencies": {
        "@dnd-kit/utilities": "^3.2.2",
        "tslib": "^2.0.0"
      },
      "devDependencies": {
        "@dnd-kit/core": "^6.3.0"
      },
      "peerDependencies": {
        "@dnd-kit/core": "^6.3.0",
        "react": ">=16.8.0"
      }
    },
    "../../node_modules/.pnpm/@dnd-kit+utilities@3.2.2_react@19.2.4/node_modules/@dnd-kit/utilities": {
      "version": "3.2.2",
      "license": "MIT",
      "dependencies": {
        "tslib": "^2.0.0"
      },
      "peerDependencies": {
        "react": ">=16.8.0"
      }
    },
    "../../node_modules/.pnpm/@playwright+test@1.59.1/node_modules/@playwright/test": {
      "version": "1.59.1",
      "dev": true,
      "license": "Apache-2.0",
      "dependencies": {
        "playwright": "1.59.1"
      },
      "bin": {
        "playwright": "cli.js"
      },
      "engines": {
        "node": ">=18"
      }
    },
    "../../node_modules/.pnpm/@react-oauth+google@0.13.5__67901e3b61211b17878580142de4a9d0/node_modules/@react-oauth/google": {
      "version": "0.13.5",
      "license": "MIT",
      "devDependencies": {
        "@types/react": "^18.0.8",
        "cross-env": "^7.0.3",
        "rollup": "^2.71.1",
        "typescript": "^4.6.4"
      },
      "peerDependencies": {
        "react": ">=16.8.0",
        "react-dom": ">=16.8.0"
      }
    },
    "../../node_modules/.pnpm/@sentry+nextjs@10.49.0_@ope_bea943c837253edb66f33a43f0fb4871/node_modules/@sentry/nextjs": {
      "version": "10.49.0",
      "license": "MIT",
      "dependencies": {
        "@opentelemetry/api": "^1.9.1",
        "@opentelemetry/semantic-conventions": "^1.40.0",
        "@rollup/plugin-commonjs": "28.0.1",
        "@sentry-internal/browser-utils": "10.49.0",
        "@sentry/bundler-plugin-core": "^5.2.0",
        "@sentry/core": "10.49.0",
        "@sentry/node": "10.49.0",
        "@sentry/opentelemetry": "10.49.0",
        "@sentry/react": "10.49.0",
        "@sentry/vercel-edge": "10.49.0",
        "@sentry/webpack-plugin": "^5.2.0",
        "rollup": "^4.35.0",
        "stacktrace-parser": "^0.1.11"
      },
      "devDependencies": {
        "eslint-plugin-react": "^7.31.11",
        "next": "14.2.35",
        "react": "^18.3.1",
        "react-dom": "^18.3.1"
      },
      "engines": {
        "node": ">=18"
      },
      "peerDependencies": {
        "next": "^13.2.0 || ^14.0 || ^15.0.0-rc.0 || ^16.0.0-0"
      }
    },
    "../../node_modules/.pnpm/@sentry+node@10.49.0/node_modules/@sentry/node": {
      "version": "10.49.0",
      "license": "MIT",
      "dependencies": {
        "@fastify/otel": "0.18.0",
        "@opentelemetry/api": "^1.9.1",
        "@opentelemetry/core": "^2.6.1",
        "@opentelemetry/instrumentation": "^0.214.0",
        "@opentelemetry/instrumentation-amqplib": "0.61.0",
        "@opentelemetry/instrumentation-connect": "0.57.0",
        "@opentelemetry/instrumentation-dataloader": "0.31.0",
        "@opentelemetry/instrumentation-fs": "0.33.0",
        "@opentelemetry/instrumentation-generic-pool": "0.57.0",
        "@opentelemetry/instrumentation-graphql": "0.62.0",
        "@opentelemetry/instrumentation-hapi": "0.60.0",
        "@opentelemetry/instrumentation-http": "0.214.0",
        "@opentelemetry/instrumentation-ioredis": "0.62.0",
        "@opentelemetry/instrumentation-kafkajs": "0.23.0",
        "@opentelemetry/instrumentation-knex": "0.58.0",
        "@opentelemetry/instrumentation-koa": "0.62.0",
        "@opentelemetry/instrumentation-lru-memoizer": "0.58.0",
        "@opentelemetry/instrumentation-mongodb": "0.67.0",
        "@opentelemetry/instrumentation-mongoose": "0.60.0",
        "@opentelemetry/instrumentation-mysql": "0.60.0",
        "@opentelemetry/instrumentation-mysql2": "0.60.0",
        "@opentelemetry/instrumentation-pg": "0.66.0",
        "@opentelemetry/instrumentation-redis": "0.62.0",
        "@opentelemetry/instrumentation-tedious": "0.33.0",
        "@opentelemetry/instrumentation-undici": "0.24.0",
        "@opentelemetry/sdk-trace-base": "^2.6.1",
        "@opentelemetry/semantic-conventions": "^1.40.0",
        "@prisma/instrumentation": "7.6.0",
        "@sentry/core": "10.49.0",
        "@sentry/node-core": "10.49.0",
        "@sentry/opentelemetry": "10.49.0",
        "import-in-the-middle": "^3.0.0"
      },
      "devDependencies": {
        "@types/node": "^18.19.1"
      },
      "engines": {
        "node": ">=18"
      }
    },
    "../../node_modules/.pnpm/@tailwindcss+postcss@4.2.4/node_modules/@tailwindcss/postcss": {
      "version": "4.2.4",
      "dev": true,
      "license": "MIT",
      "dependencies": {
        "@alloc/quick-lru": "^5.2.0",
        "@tailwindcss/node": "4.2.4",
        "@tailwindcss/oxide": "4.2.4",
        "postcss": "^8.5.6",
        "tailwindcss": "4.2.4"
      },
      "devDependencies": {
        "@types/node": "^20.19.0",
        "@types/postcss-import": "14.0.3",
        "dedent": "1.7.1",
        "internal-example-plugin": "0.0.0",
        "postcss-import": "^16.1.1"
      }
    },
    "../../node_modules/.pnpm/@tiptap+extension-placehold_6338c7ba512c897f9acefbce10f02289/node_modules/@tiptap/extension-placeholder": {
      "version": "3.22.4",
      "license": "MIT",
      "devDependencies": {
        "@tiptap/extensions": "^3.22.4"
      },
      "funding": {
        "type": "github",
        "url": "https://github.com/sponsors/ueberdosis"
      },
      "peerDependencies": {
        "@tiptap/extensions": "3.22.4"
      }
    },
    "../../node_modules/.pnpm/@tiptap+react@3.22.4_@float_ecfb3032d985134735497c76a9610e0b/node_modules/@tiptap/react": {
      "version": "3.22.4",
      "license": "MIT",
      "dependencies": {
        "@types/use-sync-external-store": "^0.0.6",
        "fast-equals": "^5.3.3",
        "use-sync-external-store": "^1.4.0"
      },
      "devDependencies": {
        "@tiptap/core": "^3.22.4",
        "@tiptap/pm": "^3.22.4",
        "@types/react": "^19.0.0",
        "@types/react-dom": "^19.0.0",
        "react": "^19.0.0",
        "react-dom": "^19.0.0"
      },
      "funding": {
        "type": "github",
        "url": "https://github.com/sponsors/ueberdosis"
      },
      "optionalDependencies": {
        "@tiptap/extension-bubble-menu": "^3.22.4",
        "@tiptap/extension-floating-menu": "^3.22.4"
      },
      "peerDependencies": {
        "@tiptap/core": "3.22.4",
        "@tiptap/pm": "3.22.4",
        "@types/react": "^17.0.0 || ^18.0.0 || ^19.0.0",
        "@types/react-dom": "^17.0.0 || ^18.0.0 || ^19.0.0",
        "react": "^17.0.0 || ^18.0.0 || ^19.0.0",
        "react-dom": "^17.0.0 || ^18.0.0 || ^19.0.0"
      }
    },
    "../../node_modules/.pnpm/@tiptap+starter-kit@3.22.4/node_modules/@tiptap/starter-kit": {
      "version": "3.22.4",
      "license": "MIT",
      "dependencies": {
        "@tiptap/core": "^3.22.4",
        "@tiptap/extension-blockquote": "^3.22.4",
        "@tiptap/extension-bold": "^3.22.4",
        "@tiptap/extension-bullet-list": "^3.22.4",
        "@tiptap/extension-code": "^3.22.4",
        "@tiptap/extension-code-block": "^3.22.4",
        "@tiptap/extension-document": "^3.22.4",
        "@tiptap/extension-dropcursor": "^3.22.4",
        "@tiptap/extension-gapcursor": "^3.22.4",
        "@tiptap/extension-hard-break": "^3.22.4",
        "@tiptap/extension-heading": "^3.22.4",
        "@tiptap/extension-horizontal-rule": "^3.22.4",
        "@tiptap/extension-italic": "^3.22.4",
        "@tiptap/extension-link": "^3.22.4",
        "@tiptap/extension-list": "^3.22.4",
        "@tiptap/extension-list-item": "^3.22.4",
        "@tiptap/extension-list-keymap": "^3.22.4",
        "@tiptap/extension-ordered-list": "^3.22.4",
        "@tiptap/extension-paragraph": "^3.22.4",
        "@tiptap/extension-strike": "^3.22.4",
        "@tiptap/extension-text": "^3.22.4",
        "@tiptap/extension-underline": "^3.22.4",
        "@tiptap/extensions": "^3.22.4",
        "@tiptap/pm": "^3.22.4"
      },
      "funding": {
        "type": "github",
        "url": "https://github.com/sponsors/ueberdosis"
      }
    },
    "../../node_modules/.pnpm/@types+node@20.19.39/node_modules/@types/node": {
      "version": "20.19.39",
      "dev": true,
      "license": "MIT",
      "dependencies": {
        "undici-types": "~6.21.0"
      }
    },
    "../../node_modules/.pnpm/@types+react-dom@19.2.3_@types+react@19.2.14/node_modules/@types/react-dom": {
      "version": "19.2.3",
      "dev": true,
      "license": "MIT",
      "peerDependencies": {
        "@types/react": "^19.2.0"
      }
    },
    "../../node_modules/.pnpm/@types+react@19.2.14/node_modules/@types/react": {
      "version": "19.2.14",
      "dev": true,
      "license": "MIT",
      "dependencies": {
        "csstype": "^3.2.2"
      }
    },
    "../../node_modules/.pnpm/eslint-config-next@16.2.4_@_5b96e7c11c96eb1a0d82e6b9bdcbf487/node_modules/eslint-config-next": {
      "version": "16.2.4",
      "dev": true,
      "license": "MIT",
      "dependencies": {
        "@next/eslint-plugin-next": "16.2.4",
        "eslint-import-resolver-node": "^0.3.6",
        "eslint-import-resolver-typescript": "^3.5.2",
        "eslint-plugin-import": "^2.32.0",
        "eslint-plugin-jsx-a11y": "^6.10.0",
        "eslint-plugin-react": "^7.37.0",
        "eslint-plugin-react-hooks": "^7.0.0",
        "globals": "16.4.0",
        "typescript-eslint": "^8.46.0"
      },
      "devDependencies": {
        "@types/eslint": "9.6.1",
        "@types/eslint-plugin-jsx-a11y": "6.10.1",
        "typescript": "5.9.2"
      },
      "peerDependencies": {
        "eslint": ">=9.0.0",
        "typescript": ">=3.3.1"
      },
      "peerDependenciesMeta": {
        "typescript": {
          "optional": true
        }
      }
    },
    "../../node_modules/.pnpm/eslint@9.39.4_jiti@2.6.1/node_modules/eslint": {
      "version": "9.39.4",
      "dev": true,
      "license": "MIT",
      "dependencies": {
        "@eslint-community/eslint-utils": "^4.8.0",
        "@eslint-community/regexpp": "^4.12.1",
        "@eslint/config-array": "^0.21.2",
        "@eslint/config-helpers": "^0.4.2",
        "@eslint/core": "^0.17.0",
        "@eslint/eslintrc": "^3.3.5",
        "@eslint/js": "9.39.4",
        "@eslint/plugin-kit": "^0.4.1",
        "@humanfs/node": "^0.16.6",
        "@humanwhocodes/module-importer": "^1.0.1",
        "@humanwhocodes/retry": "^0.4.2",
        "@types/estree": "^1.0.6",
        "ajv": "^6.14.0",
        "chalk": "^4.0.0",
        "cross-spawn": "^7.0.6",
        "debug": "^4.3.2",
        "escape-string-regexp": "^4.0.0",
        "eslint-scope": "^8.4.0",
        "eslint-visitor-keys": "^4.2.1",
        "espree": "^10.4.0",
        "esquery": "^1.5.0",
        "esutils": "^2.0.2",
        "fast-deep-equal": "^3.1.3",
        "file-entry-cache": "^8.0.0",
        "find-up": "^5.0.0",
        "glob-parent": "^6.0.2",
        "ignore": "^5.2.0",
        "imurmurhash": "^0.1.4",
        "is-glob": "^4.0.0",
        "json-stable-stringify-without-jsonify": "^1.0.1",
        "lodash.merge": "^4.6.2",
        "minimatch": "^3.1.5",
        "natural-compare": "^1.4.0",
        "optionator": "^0.9.3"
      },
      "bin": {
        "eslint": "bin/eslint.js"
      },
      "devDependencies": {
        "@arethetypeswrong/cli": "^0.18.0",
        "@babel/core": "^7.4.3",
        "@babel/preset-env": "^7.4.3",
        "@cypress/webpack-preprocessor": "^6.0.2",
        "@eslint/json": "^0.13.2",
        "@trunkio/launcher": "^1.3.4",
        "@types/esquery": "^1.5.4",
        "@types/node": "^22.13.14",
        "@typescript-eslint/parser": "^8.4.0",
        "babel-loader": "^8.0.5",
        "c8": "^7.12.0",
        "chai": "^4.0.1",
        "cheerio": "^0.22.0",
        "common-tags": "^1.8.0",
        "core-js": "^3.1.3",
        "cypress": "^14.1.0",
        "ejs": "^3.0.2",
        "eslint": "file:.",
        "eslint-config-eslint": "file:packages/eslint-config-eslint",
        "eslint-plugin-eslint-plugin": "^6.0.0",
        "eslint-plugin-expect-type": "^0.6.0",
        "eslint-plugin-yml": "^1.14.0",
        "eslint-release": "^3.3.0",
        "eslint-rule-composer": "^0.3.0",
        "eslump": "^3.0.0",
        "esprima": "^4.0.1",
        "fast-glob": "^3.2.11",
        "fs-teardown": "^0.1.3",
        "glob": "^10.0.0",
        "globals": "^16.2.0",
        "got": "^11.8.3",
        "gray-matter": "^4.0.3",
        "jiti": "^2.6.1",
        "jiti-v2.0": "npm:jiti@2.0.x",
        "jiti-v2.1": "npm:jiti@2.1.x",
        "knip": "^5.60.2",
        "lint-staged": "^11.0.0",
        "markdown-it": "^12.2.0",
        "markdown-it-container": "^3.0.0",
        "marked": "^4.0.8",
        "metascraper": "^5.25.7",
        "metascraper-description": "^5.25.7",
        "metascraper-image": "^5.29.3",
        "metascraper-logo": "^5.25.7",
        "metascraper-logo-favicon": "^5.25.7",
        "metascraper-title": "^5.25.7",
        "mocha": "^11.7.1",
        "node-polyfill-webpack-plugin": "^1.0.3",
        "npm-license": "^0.3.3",
        "pirates": "^4.0.5",
        "progress": "^2.0.3",
        "proxyquire": "^2.0.1",
        "recast": "^0.23.0",
        "regenerator-runtime": "^0.14.0",
        "semver": "^7.5.3",
        "shelljs": "^0.10.0",
        "sinon": "^11.0.0",
        "typescript": "^5.3.3",
        "webpack": "^5.23.0",
        "webpack-cli": "^4.5.0",
        "yorkie": "^2.0.0"
      },
      "engines": {
        "node": "^18.18.0 || ^20.9.0 || >=21.1.0"
      },
      "funding": {
        "url": "https://eslint.org/donate"
      },
      "peerDependencies": {
        "jiti": "*"
      },
      "peerDependenciesMeta": {
        "jiti": {
          "optional": true
        }
      }
    },
    "../../node_modules/.pnpm/framer-motion@12.38.0_react_c6850c7a3f6ac082229dee387470c1fc/node_modules/framer-motion": {
      "version": "12.38.0",
      "license": "MIT",
      "dependencies": {
        "motion-dom": "^12.38.0",
        "motion-utils": "^12.36.0",
        "tslib": "^2.4.0"
      },
      "devDependencies": {
        "@radix-ui/react-dialog": "^1.1.15",
        "@thednp/dommatrix": "^2.0.11",
        "@types/three": "0.137.0",
        "three": "0.137.0"
      },
      "peerDependencies": {
        "@emotion/is-prop-valid": "*",
        "react": "^18.0.0 || ^19.0.0",
        "react-dom": "^18.0.0 || ^19.0.0"
      },
      "peerDependenciesMeta": {
        "@emotion/is-prop-valid": {
          "optional": true
        },
        "react": {
          "optional": true
        },
        "react-dom": {
          "optional": true
        }
      }
    },
    "../../node_modules/.pnpm/lucide-react@1.8.0_react@19.2.4/node_modules/lucide-react": {
      "version": "1.8.0",
      "license": "ISC",
      "devDependencies": {
        "@lucide/build-icons": "1.1.0",
        "@lucide/rollup-plugins": "1.0.0",
        "@lucide/shared": "1.0.0",
        "@testing-library/jest-dom": "^6.8.0",
        "@testing-library/react": "^14.1.2",
        "@types/react": "^18.2.37",
        "@vitejs/plugin-react": "^4.6.0",
        "jest-serializer-html": "^7.1.0",
        "react": "18.2.0",
        "react-dom": "18.2.0",
        "rollup": "^4.59.0",
        "rollup-plugin-dts": "^6.2.3",
        "rollup-plugin-preserve-directives": "^0.4.0",
        "typescript": "^5.8.3",
        "vite": "^7.2.4"
      },
      "peerDependencies": {
        "react": "^16.5.1 || ^17.0.0 || ^18.0.0 || ^19.0.0"
      }
    },
    "../../node_modules/.pnpm/next-themes@0.4.6_react-dom_a1781a4635338e9843bf95c5370569a6/node_modules/next-themes": {
      "version": "0.4.6",
      "license": "MIT",
      "devDependencies": {
        "react": "^18.2.0",
        "react-dom": "^18.2.0"
      },
      "peerDependencies": {
        "react": "^16.8 || ^17 || ^18 || ^19 || ^19.0.0-rc",
        "react-dom": "^16.8 || ^17 || ^18 || ^19 || ^19.0.0-rc"
      }
    },
    "../../node_modules/.pnpm/next@16.2.4_@babel+core@7.2_0d46da864321c886af36fad0a90820d9/node_modules/next": {
      "version": "16.2.4",
      "license": "MIT",
      "peer": true,
      "dependencies": {
        "@next/env": "16.2.4",
        "@swc/helpers": "0.5.15",
        "baseline-browser-mapping": "^2.9.19",
        "caniuse-lite": "^1.0.30001579",
        "postcss": "8.4.31",
        "styled-jsx": "5.1.6"
      },
      "bin": {
        "next": "dist/bin/next"
      },
      "devDependencies": {
        "@babel/core": "7.26.10",
        "@babel/eslint-parser": "7.24.6",
        "@babel/generator": "7.27.0",
        "@babel/plugin-syntax-bigint": "7.8.3",
        "@babel/plugin-syntax-dynamic-import": "7.8.3",
        "@babel/plugin-syntax-import-attributes": "7.26.0",
        "@babel/plugin-syntax-jsx": "7.25.9",
        "@babel/plugin-syntax-typescript": "7.25.4",
        "@babel/plugin-transform-class-properties": "7.25.9",
        "@babel/plugin-transform-export-namespace-from": "7.25.9",
        "@babel/plugin-transform-modules-commonjs": "7.26.3",
        "@babel/plugin-transform-numeric-separator": "7.25.9",
        "@babel/plugin-transform-object-rest-spread": "7.25.9",
        "@babel/plugin-transform-runtime": "7.26.10",
        "@babel/preset-env": "7.26.9",
        "@babel/preset-react": "7.26.3",
        "@babel/preset-typescript": "7.27.0",
        "@babel/runtime": "7.27.0",
        "@babel/traverse": "7.27.0",
        "@babel/types": "7.27.0",
        "@base-ui-components/react": "1.0.0-beta.2",
        "@capsizecss/metrics": "3.4.0",
        "@edge-runtime/cookies": "6.0.0",
        "@edge-runtime/ponyfill": "4.0.0",
        "@edge-runtime/primitives": "6.0.0",
        "@hapi/accept": "5.0.2",
        "@jest/transform": "29.5.0",
        "@jest/types": "29.5.0",
        "@modelcontextprotocol/sdk": "1.18.1",
        "@mswjs/interceptors": "0.23.0",
        "@napi-rs/triples": "1.2.0",
        "@next/font": "16.2.4",
        "@next/polyfill-module": "16.2.4",
        "@next/polyfill-nomodule": "16.2.4",
        "@next/react-refresh-utils": "16.2.4",
        "@next/swc": "16.2.4",
        "@opentelemetry/api": "1.6.0",
        "@playwright/test": "1.58.2",
        "@rspack/core": "1.6.7",
        "@storybook/addon-a11y": "8.6.0",
        "@storybook/addon-essentials": "8.6.0",
        "@storybook/addon-interactions": "8.6.0",
        "@storybook/addon-webpack5-compiler-swc": "3.0.0",
        "@storybook/blocks": "8.6.0",
        "@storybook/react": "8.6.0",
        "@storybook/react-webpack5": "8.6.0",
        "@storybook/test": "8.6.0",
        "@storybook/test-runner": "0.21.0",
        "@swc/core": "1.11.24",
        "@swc/types": "0.1.7",
        "@taskr/clear": "1.1.0",
        "@taskr/esnext": "1.1.0",
        "@types/babel__code-frame": "7.0.6",
        "@types/babel__core": "7.20.5",
        "@types/babel__generator": "7.27.0",
        "@types/babel__template": "7.4.4",
        "@types/babel__traverse": "7.20.7",
        "@types/bytes": "3.1.1",
        "@types/ci-info": "2.0.0",
        "@types/compression": "0.0.36",
        "@types/content-disposition": "0.5.4",
        "@types/content-type": "1.1.3",
        "@types/cookie": "0.3.3",
        "@types/cross-spawn": "6.0.0",
        "@types/debug": "4.1.5",
        "@types/express-serve-static-core": "4.17.33",
        "@types/fresh": "0.5.0",
        "@types/glob": "7.1.1",
        "@types/jsonwebtoken": "9.0.0",
        "@types/lodash": "4.14.198",
        "@types/lodash.curry": "4.1.6",
        "@types/path-to-regexp": "1.7.0",
        "@types/picomatch": "2.3.3",
        "@types/platform": "1.3.4",
        "@types/react": "19.0.8",
        "@types/react-dom": "19.0.3",
        "@types/react-is": "18.2.4",
        "@types/semver": "7.3.1",
        "@types/send": "0.14.4",
        "@types/serve-handler": "6.1.4",
        "@types/shell-quote": "1.7.1",
        "@types/text-table": "0.2.1",
        "@types/ua-parser-js": "0.7.36",
        "@types/webpack-sources1": "npm:@types/webpack-sources@0.1.5",
        "@types/ws": "8.2.0",
        "@vercel/ncc": "0.34.0",
        "@vercel/nft": "0.27.1",
        "@vercel/routing-utils": "5.2.0",
        "@vercel/turbopack-ecmascript-runtime": "*",
        "acorn": "8.14.0",
        "anser": "1.4.9",
        "arg": "4.1.0",
        "assert": "2.0.0",
        "async-retry": "1.2.3",
        "async-sema": "3.0.0",
        "axe-playwright": "2.0.3",
        "babel-loader": "10.0.0",
        "babel-plugin-react-compiler": "0.0.0-experimental-1371fcb-20260227",
        "babel-plugin-transform-define": "2.0.0",
        "babel-plugin-transform-react-remove-prop-types": "0.4.24",
        "browserify-zlib": "0.2.0",
        "browserslist": "4.28.1",
        "buffer": "5.6.0",
        "busboy": "1.6.0",
        "bytes": "3.1.1",
        "ci-info": "watson/ci-info#f43f6a1cefff47fb361c88cf4b943fdbcaafe540",
        "cli-select": "1.1.2",
        "client-only": "0.0.1",
        "commander": "12.1.0",
        "comment-json": "3.0.3",
        "compression": "1.7.4",
        "conf": "5.0.0",
        "constants-browserify": "1.0.0",
        "content-disposition": "0.5.3",
        "content-type": "1.0.4",
        "cookie": "0.4.1",
        "cross-env": "6.0.3",
        "cross-spawn": "7.0.3",
        "crypto-browserify": "3.12.0",
        "css-loader": "7.1.2",
        "css.escape": "1.5.1",
        "cssnano-preset-default": "7.0.6",
        "data-uri-to-buffer": "3.0.1",
        "debug": "4.1.1",
        "devalue": "2.0.1",
        "domain-browser": "4.19.0",
        "edge-runtime": "4.0.1",
        "events": "3.3.0",
        "find-up": "4.1.0",
        "fresh": "0.5.2",
        "glob": "7.1.7",
        "gzip-size": "5.1.1",
        "http-proxy": "1.18.1",
        "http-proxy-agent": "5.0.0",
        "https-browserify": "1.0.0",
        "https-proxy-agent": "5.0.1",
        "icss-utils": "5.1.0",
        "ignore-loader": "0.1.2",
        "image-size": "1.2.1",
        "ipaddr.js": "2.2.0",
        "is-docker": "2.0.0",
        "is-wsl": "2.2.0",
        "jest-worker": "27.5.1",
        "json5": "2.2.3",
        "jsonwebtoken": "9.0.0",
        "loader-runner": "4.3.0",
        "loader-utils2": "npm:loader-utils@2.0.4",
        "loader-utils3": "npm:loader-utils@3.1.3",
        "lodash.curry": "4.1.1",
        "mini-css-extract-plugin": "2.4.4",
        "msw": "2.3.0",
        "nanoid": "3.1.32",
        "native-url": "0.3.4",
        "neo-async": "2.6.1",
        "node-html-parser": "5.3.3",
        "ora": "4.0.4",
        "os-browserify": "0.3.0",
        "p-limit": "3.1.0",
        "p-queue": "6.6.2",
        "path-browserify": "1.0.1",
        "path-to-regexp": "6.3.0",
        "picomatch": "4.0.1",
        "postcss-flexbugs-fixes": "5.0.2",
        "postcss-modules-extract-imports": "3.0.0",
        "postcss-modules-local-by-default": "4.2.0",
        "postcss-modules-scope": "3.0.0",
        "postcss-modules-values": "4.0.0",
        "postcss-preset-env": "7.4.3",
        "postcss-safe-parser": "6.0.0",
        "postcss-scss": "4.0.3",
        "postcss-value-parser": "4.2.0",
        "process": "0.11.10",
        "punycode": "2.1.1",
        "querystring-es3": "0.2.1",
        "raw-body": "2.4.1",
        "react-refresh": "0.12.0",
        "recast": "0.23.11",
        "regenerator-runtime": "0.13.4",
        "safe-stable-stringify": "2.5.0",
        "sass-loader": "16.0.5",
        "schema-utils2": "npm:schema-utils@2.7.1",
        "schema-utils3": "npm:schema-utils@3.0.0",
        "semver": "7.3.2",
        "send": "0.18.0",
        "serve-handler": "6.1.6",
        "server-only": "0.0.1",
        "setimmediate": "1.0.5",
        "shell-quote": "1.7.3",
        "source-map": "0.6.1",
        "source-map-loader": "5.0.0",
        "source-map08": "npm:source-map@0.8.0-beta.0",
        "stacktrace-parser": "0.1.10",
        "storybook": "8.6.0",
        "stream-browserify": "3.0.0",
        "stream-http": "3.1.1",
        "strict-event-emitter": "0.5.0",
        "string_decoder": "1.3.0",
        "string-hash": "1.1.3",
        "strip-ansi": "6.0.0",
        "style-loader": "4.0.0",
        "superstruct": "1.0.3",
        "tar": "7.5.11",
        "taskr": "1.1.0",
        "terser": "5.27.0",
        "terser-webpack-plugin": "5.3.9",
        "text-table": "0.2.0",
        "timers-browserify": "2.0.12",
        "tty-browserify": "0.0.1",
        "typescript": "5.9.2",
        "ua-parser-js": "1.0.35",
        "unistore": "3.4.1",
        "util": "0.12.4",
        "vm-browserify": "1.1.2",
        "watchpack": "2.4.0",
        "web-vitals": "4.2.1",
        "webpack": "5.98.0",
        "webpack-sources1": "npm:webpack-sources@1.4.3",
        "webpack-sources3": "npm:webpack-sources@3.2.3",
        "ws": "8.2.3",
        "zod": "3.25.76",
        "zod-validation-error": "3.4.0"
      },
      "engines": {
        "node": ">=20.9.0"
      },
      "optionalDependencies": {
        "@next/swc-darwin-arm64": "16.2.4",
        "@next/swc-darwin-x64": "16.2.4",
        "@next/swc-linux-arm64-gnu": "16.2.4",
        "@next/swc-linux-arm64-musl": "16.2.4",
        "@next/swc-linux-x64-gnu": "16.2.4",
        "@next/swc-linux-x64-musl": "16.2.4",
        "@next/swc-win32-arm64-msvc": "16.2.4",
        "@next/swc-win32-x64-msvc": "16.2.4",
        "sharp": "^0.34.5"
      },
      "peerDependencies": {
        "@opentelemetry/api": "^1.1.0",
        "@playwright/test": "^1.51.1",
        "babel-plugin-react-compiler": "*",
        "react": "^18.2.0 || 19.0.0-rc-de68d2f4-20241204 || ^19.0.0",
        "react-dom": "^18.2.0 || 19.0.0-rc-de68d2f4-20241204 || ^19.0.0",
        "sass": "^1.3.0"
      },
      "peerDependenciesMeta": {
        "@opentelemetry/api": {
          "optional": true
        },
        "@playwright/test": {
          "optional": true
        },
        "babel-plugin-react-compiler": {
          "optional": true
        },
        "sass": {
          "optional": true
        }
      }
    },
    "../../node_modules/.pnpm/react-dom@19.2.4_react@19.2.4/node_modules/react-dom": {
      "version": "19.2.4",
      "license": "MIT",
      "dependencies": {
        "scheduler": "^0.27.0"
      },
      "peerDependencies": {
        "react": "^19.2.4"
      }
    },
    "../../node_modules/.pnpm/react@19.2.4/node_modules/react": {
      "version": "19.2.4",
      "license": "MIT",
      "peer": true,
      "engines": {
        "node": ">=0.10.0"
      }
    },
    "../../node_modules/.pnpm/recharts@3.8.1_@types+react_1a634c6679b775adfab205ef384096e7/node_modules/recharts": {
      "version": "3.8.1",
      "license": "MIT",
      "workspaces": [
        "www"
      ],
      "dependencies": {
        "@reduxjs/toolkit": "^1.9.0 || 2.x.x",
        "clsx": "^2.1.1",
        "decimal.js-light": "^2.5.1",
        "es-toolkit": "^1.39.3",
        "eventemitter3": "^5.0.1",
        "immer": "^10.1.1",
        "react-redux": "8.x.x || 9.x.x",
        "reselect": "5.1.1",
        "tiny-invariant": "^1.3.3",
        "use-sync-external-store": "^1.2.2",
        "victory-vendor": "^37.0.2"
      },
      "devDependencies": {
        "@babel/cli": "^7.24.8",
        "@babel/core": "^7.24.9",
        "@babel/preset-env": "^7.29.0",
        "@babel/preset-react": "^7.28.5",
        "@babel/preset-typescript": "^7.28.5",
        "@babel/runtime": "^7.26.10",
        "@chromatic-com/storybook": "^4.0.1",
        "@codecov/bundle-analyzer": "^1.9.1",
        "@eslint-community/eslint-plugin-eslint-comments": "^4.5.0",
        "@eslint/compat": "^1.3.2",
        "@eslint/js": "^9.35.0",
        "@playwright/experimental-ct-react": "1.58.2",
        "@recharts/devtools": "^0.0.11",
        "@reduxjs/toolkit": "^1.9.7",
        "@rollup/plugin-babel": "^6.1.0",
        "@rollup/plugin-node-resolve": "^16.0.3",
        "@stackblitz/sdk": "^1.11.0",
        "@storybook/addon-a11y": "^9.0.17",
        "@storybook/addon-docs": "^9.0.17",
        "@storybook/addon-links": "^9.0.17",
        "@storybook/addon-onboarding": "^9.0.17",
        "@storybook/addon-vitest": "^9.0.17",
        "@storybook/builder-vite": "^9.0.17",
        "@storybook/icons": "^1.2.12",
        "@storybook/react-vite": "^9.0.17",
        "@stryker-mutator/typescript-checker": "^9.2.0",
        "@stryker-mutator/vitest-runner": "^9.2.0",
        "@testing-library/jest-dom": "^6.4.8",
        "@testing-library/react": "^16.0.0",
        "@testing-library/user-event": "^14.5.2",
        "@types/d3-interpolate": "^3.0.4",
        "@types/d3-shape": "^3.1.6",
        "@types/d3-time-format": "^4.0.3",
        "@types/node": "24.x.x",
        "@types/react": "^18.3.3",
        "@types/react-dom": "^18.3.0",
        "@types/react-is": "^18.3.0",
        "@vitejs/plugin-react": "^4.3.1",
        "@vitest/browser": "3.2.4",
        "@vitest/coverage-v8": "^3.2.3",
        "babel-loader": "^9.1.3",
        "babel-plugin-dev-expression": "^0.2.3",
        "babel-plugin-transform-define": "^2.1.4",
        "browserslist": "^4.23.2",
        "bundlewatch": "^0.4.1",
        "chromatic": "^11.5.6",
        "cross-env": "^7.0.3",
        "d3-scale-chromatic": "^3.1.0",
        "d3-time": "^3.1.0",
        "d3-time-format": "^4.1.0",
        "diff": "^8.0.2",
        "eslint": "^9.35.0",
        "eslint-config-airbnb-extended": "^2.2.0",
        "eslint-config-prettier": "^10.1.8",
        "eslint-import-resolver-typescript": "^4.4.4",
        "eslint-plugin-import": "^2.32.0",
        "eslint-plugin-jsdoc": "^61.5.0",
        "eslint-plugin-jsx-a11y": "^6.10.2",
        "eslint-plugin-prettier": "^5.5.4",
        "eslint-plugin-react": "^7.37.5",
        "eslint-plugin-react-hooks": "^5.2.0",
        "eslint-plugin-react-perf": "^3.3.3",
        "eslint-plugin-storybook": "^9.1.5",
        "glob": "^11.0.0",
        "globals": "^16.3.0",
        "husky": "^9.1.1",
        "jsdom": "^24.1.1",
        "lint-staged": "^15.2.7",
        "marked": "^17.0.1",
        "playwright": "1.58.2",
        "prettier": "^3.6.2",
        "react": "^18.3.1",
        "react-dom": "^18.3.1",
        "react-is": "^18.3.1",
        "react-redux": "^8.1.3",
        "rimraf": "^6.0.1",
        "rollup": "^4.40.1",
        "rollup-plugin-esbuild": "^6.2.1",
        "storybook": "^9.0.17",
        "terser": "^5.46.0",
        "terser-webpack-plugin": "^5.3.10",
        "ts-loader": "^9.5.1",
        "ts-morph": "^27.0.2",
        "typescript": "^5.7.2",
        "typescript-eslint": "^8.42.0",
        "update-browserslist-db": "^1.1.0",
        "vitest": "^3.2.3",
        "vitest-axe": "^0.1.0",
        "webpack": "^5.93.0",
        "webpack-bundle-analyzer": "^4.10.2",
        "webpack-cli": "^5.1.4"
      },
      "engines": {
        "node": ">=18"
      },
      "peerDependencies": {
        "react": "^16.8.0 || ^17.0.0 || ^18.0.0 || ^19.0.0",
        "react-dom": "^16.0.0 || ^17.0.0 || ^18.0.0 || ^19.0.0",
        "react-is": "^16.8.0 || ^17.0.0 || ^18.0.0 || ^19.0.0"
      }
    },
    "../../node_modules/.pnpm/sonner@2.0.7_react-dom@19.2.4_react@19.2.4__react@19.2.4/node_modules/sonner": {
      "version": "2.0.7",
      "license": "MIT",
      "devDependencies": {
        "@playwright/test": "^1.49.1",
        "@types/node": "^18.11.13",
        "@types/react": "^18.0.26",
        "bunchee": "6.3.3",
        "prettier": "^2.8.4",
        "react": "^18.2.0",
        "react-dom": "^18.2.0",
        "turbo": "1.6",
        "typescript": "^4.8.4"
      },
      "peerDependencies": {
        "react": "^18.0.0 || ^19.0.0 || ^19.0.0-rc",
        "react-dom": "^18.0.0 || ^19.0.0 || ^19.0.0-rc"
      }
    },
    "../../node_modules/.pnpm/tailwindcss@4.2.4/node_modules/tailwindcss": {
      "version": "4.2.4",
      "dev": true,
      "license": "MIT",
      "devDependencies": {
        "@jridgewell/remapping": "^2.3.5",
        "@tailwindcss/oxide": "^4.2.4",
        "@types/node": "^20.19.0",
        "dedent": "1.7.1",
        "lightningcss": "1.32.0",
        "magic-string": "^0.30.21",
        "source-map-js": "^1.2.1"
      }
    },
    "../../node_modules/.pnpm/typescript@5.9.3/node_modules/typescript": {
      "version": "5.9.3",
      "dev": true,
      "license": "Apache-2.0",
      "bin": {
        "tsc": "bin/tsc",
        "tsserver": "bin/tsserver"
      },
      "devDependencies": {
        "@dprint/formatter": "^0.4.1",
        "@dprint/typescript": "0.93.4",
        "@esfx/canceltoken": "^1.0.0",
        "@eslint/js": "^9.20.0",
        "@octokit/rest": "^21.1.1",
        "@types/chai": "^4.3.20",
        "@types/diff": "^7.0.1",
        "@types/minimist": "^1.2.5",
        "@types/mocha": "^10.0.10",
        "@types/ms": "^0.7.34",
        "@types/node": "latest",
        "@types/source-map-support": "^0.5.10",
        "@types/which": "^3.0.4",
        "@typescript-eslint/rule-tester": "^8.24.1",
        "@typescript-eslint/type-utils": "^8.24.1",
        "@typescript-eslint/utils": "^8.24.1",
        "azure-devops-node-api": "^14.1.0",
        "c8": "^10.1.3",
        "chai": "^4.5.0",
        "chokidar": "^4.0.3",
        "diff": "^7.0.0",
        "dprint": "^0.49.0",
        "esbuild": "^0.25.0",
        "eslint": "^9.20.1",
        "eslint-formatter-autolinkable-stylish": "^1.4.0",
        "eslint-plugin-regexp": "^2.7.0",
        "fast-xml-parser": "^4.5.2",
        "glob": "^10.4.5",
        "globals": "^15.15.0",
        "hereby": "^1.10.0",
        "jsonc-parser": "^3.3.1",
        "knip": "^5.44.4",
        "minimist": "^1.2.8",
        "mocha": "^10.8.2",
        "mocha-fivemat-progress-reporter": "^0.1.0",
        "monocart-coverage-reports": "^2.12.1",
        "ms": "^2.1.3",
        "picocolors": "^1.1.1",
        "playwright": "^1.50.1",
        "source-map-support": "^0.5.21",
        "tslib": "^2.8.1",
        "typescript": "^5.7.3",
        "typescript-eslint": "^8.24.1",
        "which": "^3.0.1"
      },
      "engines": {
        "node": ">=14.17"
      }
    },
    "../../node_modules/.pnpm/zustand@5.0.12_@types+react_8b11772aea488cca440c1215797a0d95/node_modules/zustand": {
      "version": "5.0.12",
      "license": "MIT",
      "engines": {
        "node": ">=12.20.0"
      },
      "peerDependencies": {
        "@types/react": ">=18.0.0",
        "immer": ">=9.0.6",
        "react": ">=18.0.0",
        "use-sync-external-store": ">=1.2.0"
      },
      "peerDependenciesMeta": {
        "@types/react": {
          "optional": true
        },
        "immer": {
          "optional": true
        },
        "react": {
          "optional": true
        },
        "use-sync-external-store": {
          "optional": true
        }
      }
    },
    "node_modules/@dnd-kit/core": {
      "resolved": "../../node_modules/.pnpm/@dnd-kit+core@6.3.1_react-d_4a55b02f5a1bedd05fd2068bf15b2614/node_modules/@dnd-kit/core",
      "link": true
    },
    "node_modules/@dnd-kit/sortable": {
      "resolved": "../../node_modules/.pnpm/@dnd-kit+sortable@10.0.0_@d_8f0b6171ba6a6ac464efc8be57705c69/node_modules/@dnd-kit/sortable",
      "link": true
    },
    "node_modules/@dnd-kit/utilities": {
      "resolved": "../../node_modules/.pnpm/@dnd-kit+utilities@3.2.2_react@19.2.4/node_modules/@dnd-kit/utilities",
      "link": true
    },
    "node_modules/@playwright/test": {
      "resolved": "../../node_modules/.pnpm/@playwright+test@1.59.1/node_modules/@playwright/test",
      "link": true
    },
    "node_modules/@react-oauth/google": {
      "resolved": "../../node_modules/.pnpm/@react-oauth+google@0.13.5__67901e3b61211b17878580142de4a9d0/node_modules/@react-oauth/google",
      "link": true
    },
    "node_modules/@sentry/nextjs": {
      "resolved": "../../node_modules/.pnpm/@sentry+nextjs@10.49.0_@ope_bea943c837253edb66f33a43f0fb4871/node_modules/@sentry/nextjs",
      "link": true
    },
    "node_modules/@sentry/node": {
      "resolved": "../../node_modules/.pnpm/@sentry+node@10.49.0/node_modules/@sentry/node",
      "link": true
    },
    "node_modules/@tailwindcss/postcss": {
      "resolved": "../../node_modules/.pnpm/@tailwindcss+postcss@4.2.4/node_modules/@tailwindcss/postcss",
      "link": true
    },
    "node_modules/@tiptap/extension-placeholder": {
      "resolved": "../../node_modules/.pnpm/@tiptap+extension-placehold_6338c7ba512c897f9acefbce10f02289/node_modules/@tiptap/extension-placeholder",
      "link": true
    },
    "node_modules/@tiptap/react": {
      "resolved": "../../node_modules/.pnpm/@tiptap+react@3.22.4_@float_ecfb3032d985134735497c76a9610e0b/node_modules/@tiptap/react",
      "link": true
    },
    "node_modules/@tiptap/starter-kit": {
      "resolved": "../../node_modules/.pnpm/@tiptap+starter-kit@3.22.4/node_modules/@tiptap/starter-kit",
      "link": true
    },
    "node_modules/@types/node": {
      "resolved": "../../node_modules/.pnpm/@types+node@20.19.39/node_modules/@types/node",
      "link": true
    },
    "node_modules/@types/react": {
      "resolved": "../../node_modules/.pnpm/@types+react@19.2.14/node_modules/@types/react",
      "link": true
    },
    "node_modules/@types/react-dom": {
      "resolved": "../../node_modules/.pnpm/@types+react-dom@19.2.3_@types+react@19.2.14/node_modules/@types/react-dom",
      "link": true
    },
    "node_modules/@vercel/analytics": {
      "version": "2.0.1",
      "resolved": "https://registry.npmjs.org/@vercel/analytics/-/analytics-2.0.1.tgz",
      "integrity": "sha512-MTQG6V9qQrt1tsDeF+2Uoo5aPjqbVPys1xvnIftXSJYG2SrwXRHnqEvVoYID7BTruDz4lCd2Z7rM1BdkUehk2g==",
      "license": "MIT",
      "peerDependencies": {
        "@remix-run/react": "^2",
        "@sveltejs/kit": "^1 || ^2",
        "next": ">= 13",
        "nuxt": ">= 3",
        "react": "^18 || ^19 || ^19.0.0-rc",
        "svelte": ">= 4",
        "vue": "^3",
        "vue-router": "^4"
      },
      "peerDependenciesMeta": {
        "@remix-run/react": {
          "optional": true
        },
        "@sveltejs/kit": {
          "optional": true
        },
        "next": {
          "optional": true
        },
        "nuxt": {
          "optional": true
        },
        "react": {
          "optional": true
        },
        "svelte": {
          "optional": true
        },
        "vue": {
          "optional": true
        },
        "vue-router": {
          "optional": true
        }
      }
    },
    "node_modules/@vercel/speed-insights": {
      "version": "2.0.0",
      "resolved": "https://registry.npmjs.org/@vercel/speed-insights/-/speed-insights-2.0.0.tgz",
      "integrity": "sha512-jwkNcrTeafWxjmWq4AHBaptSqZiJkYU5adLC9QBSqeim0GcqDMgN5Ievh8OG1rJ6W3A4l1oiP7qr9CWxGuzu3w==",
      "license": "Apache-2.0",
      "peerDependencies": {
        "@sveltejs/kit": "^1 || ^2",
        "next": ">= 13",
        "nuxt": ">= 3",
        "react": "^18 || ^19 || ^19.0.0-rc",
        "svelte": ">= 4",
        "vue": "^3",
        "vue-router": "^4"
      },
      "peerDependenciesMeta": {
        "@sveltejs/kit": {
          "optional": true
        },
        "next": {
          "optional": true
        },
        "nuxt": {
          "optional": true
        },
        "react": {
          "optional": true
        },
        "svelte": {
          "optional": true
        },
        "vue": {
          "optional": true
        },
        "vue-router": {
          "optional": true
        }
      }
    },
    "node_modules/eslint": {
      "resolved": "../../node_modules/.pnpm/eslint@9.39.4_jiti@2.6.1/node_modules/eslint",
      "link": true
    },
    "node_modules/eslint-config-next": {
      "resolved": "../../node_modules/.pnpm/eslint-config-next@16.2.4_@_5b96e7c11c96eb1a0d82e6b9bdcbf487/node_modules/eslint-config-next",
      "link": true
    },
    "node_modules/framer-motion": {
      "resolved": "../../node_modules/.pnpm/framer-motion@12.38.0_react_c6850c7a3f6ac082229dee387470c1fc/node_modules/framer-motion",
      "link": true
    },
    "node_modules/lucide-react": {
      "resolved": "../../node_modules/.pnpm/lucide-react@1.8.0_react@19.2.4/node_modules/lucide-react",
      "link": true
    },
    "node_modules/next": {
      "resolved": "../../node_modules/.pnpm/next@16.2.4_@babel+core@7.2_0d46da864321c886af36fad0a90820d9/node_modules/next",
      "link": true
    },
    "node_modules/next-themes": {
      "resolved": "../../node_modules/.pnpm/next-themes@0.4.6_react-dom_a1781a4635338e9843bf95c5370569a6/node_modules/next-themes",
      "link": true
    },
    "node_modules/react": {
      "resolved": "../../node_modules/.pnpm/react@19.2.4/node_modules/react",
      "link": true
    },
    "node_modules/react-dom": {
      "resolved": "../../node_modules/.pnpm/react-dom@19.2.4_react@19.2.4/node_modules/react-dom",
      "link": true
    },
    "node_modules/recharts": {
      "resolved": "../../node_modules/.pnpm/recharts@3.8.1_@types+react_1a634c6679b775adfab205ef384096e7/node_modules/recharts",
      "link": true
    },
    "node_modules/sonner": {
      "resolved": "../../node_modules/.pnpm/sonner@2.0.7_react-dom@19.2.4_react@19.2.4__react@19.2.4/node_modules/sonner",
      "link": true
    },
    "node_modules/tailwindcss": {
      "resolved": "../../node_modules/.pnpm/tailwindcss@4.2.4/node_modules/tailwindcss",
      "link": true
    },
    "node_modules/typescript": {
      "resolved": "../../node_modules/.pnpm/typescript@5.9.3/node_modules/typescript",
      "link": true
    },
    "node_modules/zustand": {
      "resolved": "../../node_modules/.pnpm/zustand@5.0.12_@types+react_8b11772aea488cca440c1215797a0d95/node_modules/zustand",
      "link": true
    }
  }
}
